// !$*UTF8*$!
{
	archiveVersion = 1;
	classes = {
	};
	objectVersion = 46;
	objects = {

/* Begin PBXBuildFile section */
		8EFF4E9E15FC0997005D45F9 /* UIKit.framework in Frameworks */ = {isa = PBXBuildFile; fileRef = 8EFF4E9D15FC0997005D45F9 /* UIKit.framework */; };
		8EFF4EA015FC0997005D45F9 /* Foundation.framework in Frameworks */ = {isa = PBXBuildFile; fileRef = 8EFF4E9F15FC0997005D45F9 /* Foundation.framework */; };
		8EFF4EA215FC0997005D45F9 /* CoreGraphics.framework in Frameworks */ = {isa = PBXBuildFile; fileRef = 8EFF4EA115FC0997005D45F9 /* CoreGraphics.framework */; };
		8EFF4EA815FC0997005D45F9 /* InfoPlist.strings in Resources */ = {isa = PBXBuildFile; fileRef = 8EFF4EA615FC0997005D45F9 /* InfoPlist.strings */; };
		8EFF4EAA15FC0997005D45F9 /* main.m in Sources */ = {isa = PBXBuildFile; fileRef = 8EFF4EA915FC0997005D45F9 /* main.m */; };
		8EFF4EAE15FC0997005D45F9 /* AppDelegate.m in Sources */ = {isa = PBXBuildFile; fileRef = 8EFF4EAD15FC0997005D45F9 /* AppDelegate.m */; };
		8EFF4EB115FC0997005D45F9 /* MainStoryboard.storyboard in Resources */ = {isa = PBXBuildFile; fileRef = 8EFF4EAF15FC0997005D45F9 /* MainStoryboard.storyboard */; };
		8EFF4ED415FC16BF005D45F9 /* SearchItemTableViewController.m in Sources */ = {isa = PBXBuildFile; fileRef = 8EFF4ED315FC16BF005D45F9 /* SearchItemTableViewController.m */; };
		8EFF4EDA15FC1906005D45F9 /* Product.m in Sources */ = {isa = PBXBuildFile; fileRef = 8EFF4ED915FC1906005D45F9 /* Product.m */; };
		8EFF4EE115FC2E55005D45F9 /* SecondViewController.m in Sources */ = {isa = PBXBuildFile; fileRef = 8EFF4EE015FC2C27005D45F9 /* SecondViewController.m */; };
		8EFF4EE415FC3871005D45F9 /* SearchItemCell.m in Sources */ = {isa = PBXBuildFile; fileRef = 8EFF4EE315FC3871005D45F9 /* SearchItemCell.m */; };
		8EFF4EE615FC3CA0005D45F9 /* test.png in Resources */ = {isa = PBXBuildFile; fileRef = 8EFF4EE515FC3CA0005D45F9 /* test.png */; };
		8EFF4EE915FC4220005D45F9 /* detailViewController.m in Sources */ = {isa = PBXBuildFile; fileRef = 8EFF4EE815FC4220005D45F9 /* detailViewController.m */; };
		8EFF4EEC15FC4B6F005D45F9 /* ServerRequest.m in Sources */ = {isa = PBXBuildFile; fileRef = 8EFF4EEB15FC4B6F005D45F9 /* ServerRequest.m */; };
		8EFF4F0D15FC52D1005D45F9 /* pencil_icon.png in Resources */ = {isa = PBXBuildFile; fileRef = 8EFF4F0B15FC52D1005D45F9 /* pencil_icon.png */; };
		8EFF4F0E15FC52D1005D45F9 /* search_icon.png in Resources */ = {isa = PBXBuildFile; fileRef = 8EFF4F0C15FC52D1005D45F9 /* search_icon.png */; };
		8EFF4F1015FC55FA005D45F9 /* bartoIcon_57px.png in Resources */ = {isa = PBXBuildFile; fileRef = 8EFF4F0F15FC55FA005D45F9 /* bartoIcon_57px.png */; };
		8EFF4F1215FC57D5005D45F9 /* bartoIcon_114px.png in Resources */ = {isa = PBXBuildFile; fileRef = 8EFF4F1115FC57D5005D45F9 /* bartoIcon_114px.png */; };
		8EFF4F1615FC6065005D45F9 /* Thumbs Up hand.jpeg in Resources */ = {isa = PBXBuildFile; fileRef = 8EFF4F1515FC6065005D45F9 /* Thumbs Up hand.jpeg */; };
		8EFF4F1815FC606E005D45F9 /* thumbs-down.jpeg in Resources */ = {isa = PBXBuildFile; fileRef = 8EFF4F1715FC606E005D45F9 /* thumbs-down.jpeg */; };
		8EFF4F1B15FC620A005D45F9 /* salad.jpeg in Resources */ = {isa = PBXBuildFile; fileRef = 8EFF4F1A15FC620A005D45F9 /* salad.jpeg */; };
		8EFF4F1D15FC6225005D45F9 /* burger.png in Resources */ = {isa = PBXBuildFile; fileRef = 8EFF4F1C15FC6225005D45F9 /* burger.png */; };
		8EFF4F1F15FC625F005D45F9 /* pizza.png in Resources */ = {isa = PBXBuildFile; fileRef = 8EFF4F1E15FC625F005D45F9 /* pizza.png */; };
		8EFF4F2115FC627C005D45F9 /* burrito.jpeg in Resources */ = {isa = PBXBuildFile; fileRef = 8EFF4F2015FC627C005D45F9 /* burrito.jpeg */; };
		8EFF4F2315FC62AB005D45F9 /* calzone.jpeg in Resources */ = {isa = PBXBuildFile; fileRef = 8EFF4F2215FC62AB005D45F9 /* calzone.jpeg */; };
		8EFF4F2515FC62D2005D45F9 /* crepe.jpeg in Resources */ = {isa = PBXBuildFile; fileRef = 8EFF4F2415FC62D2005D45F9 /* crepe.jpeg */; };
		8EFF4F2715FC62FA005D45F9 /* taco.png in Resources */ = {isa = PBXBuildFile; fileRef = 8EFF4F2615FC62FA005D45F9 /* taco.png */; };
		8EFF4F2915FC6323005D45F9 /* pasta.jpeg in Resources */ = {isa = PBXBuildFile; fileRef = 8EFF4F2815FC6323005D45F9 /* pasta.jpeg */; };
		8EFF4F2B15FC6350005D45F9 /* baguette.jpeg in Resources */ = {isa = PBXBuildFile; fileRef = 8EFF4F2A15FC6350005D45F9 /* baguette.jpeg */; };
		8EFF4F2E15FC65A5005D45F9 /* burrito1.jpeg in Resources */ = {isa = PBXBuildFile; fileRef = 8EFF4F2D15FC65A5005D45F9 /* burrito1.jpeg */; };
		8EFF4F3015FC65AA005D45F9 /* Burrito2.jpeg in Resources */ = {isa = PBXBuildFile; fileRef = 8EFF4F2F15FC65AA005D45F9 /* Burrito2.jpeg */; };
		8EFF4F3215FC65B0005D45F9 /* burrito3.png in Resources */ = {isa = PBXBuildFile; fileRef = 8EFF4F3115FC65B0005D45F9 /* burrito3.png */; };
		8EFF4F3415FC65B5005D45F9 /* burrito4.jpeg in Resources */ = {isa = PBXBuildFile; fileRef = 8EFF4F3315FC65B5005D45F9 /* burrito4.jpeg */; };
		8EFF4F3615FC65BA005D45F9 /* burrito5.jpeg in Resources */ = {isa = PBXBuildFile; fileRef = 8EFF4F3515FC65BA005D45F9 /* burrito5.jpeg */; };
		8EFF4F3815FC65BF005D45F9 /* burrito6.jpeg in Resources */ = {isa = PBXBuildFile; fileRef = 8EFF4F3715FC65BF005D45F9 /* burrito6.jpeg */; };
		8EFF4F3A15FC65F4005D45F9 /* burrito7.jpeg in Resources */ = {isa = PBXBuildFile; fileRef = 8EFF4F3915FC65F4005D45F9 /* burrito7.jpeg */; };
		8EFF4F3C15FC65F9005D45F9 /* burrito8.jpeg in Resources */ = {isa = PBXBuildFile; fileRef = 8EFF4F3B15FC65F9005D45F9 /* burrito8.jpeg */; };
		8EFF4F3E15FC66D4005D45F9 /* burrito9.jpeg in Resources */ = {isa = PBXBuildFile; fileRef = 8EFF4F3D15FC66D4005D45F9 /* burrito9.jpeg */; };
		8EFF4F4015FC66D9005D45F9 /* burrito10.png in Resources */ = {isa = PBXBuildFile; fileRef = 8EFF4F3F15FC66D9005D45F9 /* burrito10.png */; };
		8EFF4F4215FC66DD005D45F9 /* burrito11.jpeg in Resources */ = {isa = PBXBuildFile; fileRef = 8EFF4F4115FC66DD005D45F9 /* burrito11.jpeg */; };
		8EFF4F4415FC66E3005D45F9 /* burrito12.jpeg in Resources */ = {isa = PBXBuildFile; fileRef = 8EFF4F4315FC66E3005D45F9 /* burrito12.jpeg */; };
		8EFF4F4615FC66E9005D45F9 /* burrito13.jpeg in Resources */ = {isa = PBXBuildFile; fileRef = 8EFF4F4515FC66E9005D45F9 /* burrito13.jpeg */; };
		8EFF4F4815FC66EE005D45F9 /* burrito14.jpeg in Resources */ = {isa = PBXBuildFile; fileRef = 8EFF4F4715FC66EE005D45F9 /* burrito14.jpeg */; };
		8EFF4F4A15FC66F2005D45F9 /* burrito15.jpeg in Resources */ = {isa = PBXBuildFile; fileRef = 8EFF4F4915FC66F2005D45F9 /* burrito15.jpeg */; };
/* End PBXBuildFile section */

/* Begin PBXFileReference section */
		8EFF4E9915FC0997005D45F9 /* Fine.app */ = {isa = PBXFileReference; explicitFileType = wrapper.application; includeInIndex = 0; path = Fine.app; sourceTree = BUILT_PRODUCTS_DIR; };
		8EFF4E9D15FC0997005D45F9 /* UIKit.framework */ = {isa = PBXFileReference; lastKnownFileType = wrapper.framework; name = UIKit.framework; path = System/Library/Frameworks/UIKit.framework; sourceTree = SDKROOT; };
		8EFF4E9F15FC0997005D45F9 /* Foundation.framework */ = {isa = PBXFileReference; lastKnownFileType = wrapper.framework; name = Foundation.framework; path = System/Library/Frameworks/Foundation.framework; sourceTree = SDKROOT; };
		8EFF4EA115FC0997005D45F9 /* CoreGraphics.framework */ = {isa = PBXFileReference; lastKnownFileType = wrapper.framework; name = CoreGraphics.framework; path = System/Library/Frameworks/CoreGraphics.framework; sourceTree = SDKROOT; };
		8EFF4EA515FC0997005D45F9 /* Fine-Info.plist */ = {isa = PBXFileReference; lastKnownFileType = text.plist.xml; path = "Fine-Info.plist"; sourceTree = "<group>"; };
		8EFF4EA715FC0997005D45F9 /* en */ = {isa = PBXFileReference; lastKnownFileType = text.plist.strings; name = en; path = en.lproj/InfoPlist.strings; sourceTree = "<group>"; };
		8EFF4EA915FC0997005D45F9 /* main.m */ = {isa = PBXFileReference; lastKnownFileType = sourcecode.c.objc; path = main.m; sourceTree = "<group>"; };
		8EFF4EAB15FC0997005D45F9 /* Fine-Prefix.pch */ = {isa = PBXFileReference; lastKnownFileType = sourcecode.c.h; path = "Fine-Prefix.pch"; sourceTree = "<group>"; };
		8EFF4EAC15FC0997005D45F9 /* AppDelegate.h */ = {isa = PBXFileReference; lastKnownFileType = sourcecode.c.h; path = AppDelegate.h; sourceTree = "<group>"; };
		8EFF4EAD15FC0997005D45F9 /* AppDelegate.m */ = {isa = PBXFileReference; lastKnownFileType = sourcecode.c.objc; path = AppDelegate.m; sourceTree = "<group>"; };
		8EFF4EB015FC0997005D45F9 /* en */ = {isa = PBXFileReference; lastKnownFileType = file.storyboard; name = en; path = en.lproj/MainStoryboard.storyboard; sourceTree = "<group>"; };
		8EFF4ED215FC16BF005D45F9 /* SearchItemTableViewController.h */ = {isa = PBXFileReference; fileEncoding = 4; lastKnownFileType = sourcecode.c.h; path = SearchItemTableViewController.h; sourceTree = "<group>"; };
		8EFF4ED315FC16BF005D45F9 /* SearchItemTableViewController.m */ = {isa = PBXFileReference; fileEncoding = 4; lastKnownFileType = sourcecode.c.objc; path = SearchItemTableViewController.m; sourceTree = "<group>"; };
		8EFF4ED815FC1906005D45F9 /* Product.h */ = {isa = PBXFileReference; fileEncoding = 4; lastKnownFileType = sourcecode.c.h; name = Product.h; path = ../Product.h; sourceTree = "<group>"; };
		8EFF4ED915FC1906005D45F9 /* Product.m */ = {isa = PBXFileReference; fileEncoding = 4; lastKnownFileType = sourcecode.c.objc; name = Product.m; path = ../Product.m; sourceTree = "<group>"; };
		8EFF4EDF15FC2C27005D45F9 /* SecondViewController.h */ = {isa = PBXFileReference; lastKnownFileType = sourcecode.c.h; path = SecondViewController.h; sourceTree = "<group>"; };
		8EFF4EE015FC2C27005D45F9 /* SecondViewController.m */ = {isa = PBXFileReference; lastKnownFileType = sourcecode.c.objc; path = SecondViewController.m; sourceTree = "<group>"; };
		8EFF4EE215FC3871005D45F9 /* SearchItemCell.h */ = {isa = PBXFileReference; fileEncoding = 4; lastKnownFileType = sourcecode.c.h; path = SearchItemCell.h; sourceTree = "<group>"; };
		8EFF4EE315FC3871005D45F9 /* SearchItemCell.m */ = {isa = PBXFileReference; fileEncoding = 4; lastKnownFileType = sourcecode.c.objc; path = SearchItemCell.m; sourceTree = "<group>"; };
		8EFF4EE515FC3CA0005D45F9 /* test.png */ = {isa = PBXFileReference; lastKnownFileType = image.png; name = test.png; path = ../test.png; sourceTree = "<group>"; };
		8EFF4EE715FC4220005D45F9 /* detailViewController.h */ = {isa = PBXFileReference; fileEncoding = 4; lastKnownFileType = sourcecode.c.h; path = detailViewController.h; sourceTree = "<group>"; };
		8EFF4EE815FC4220005D45F9 /* detailViewController.m */ = {isa = PBXFileReference; fileEncoding = 4; lastKnownFileType = sourcecode.c.objc; path = detailViewController.m; sourceTree = "<group>"; };
		8EFF4EEA15FC4B6F005D45F9 /* ServerRequest.h */ = {isa = PBXFileReference; fileEncoding = 4; lastKnownFileType = sourcecode.c.h; path = ServerRequest.h; sourceTree = "<group>"; };
		8EFF4EEB15FC4B6F005D45F9 /* ServerRequest.m */ = {isa = PBXFileReference; fileEncoding = 4; lastKnownFileType = sourcecode.c.objc; path = ServerRequest.m; sourceTree = "<group>"; };
		8EFF4F0B15FC52D1005D45F9 /* pencil_icon.png */ = {isa = PBXFileReference; lastKnownFileType = image.png; path = pencil_icon.png; sourceTree = "<group>"; };
		8EFF4F0C15FC52D1005D45F9 /* search_icon.png */ = {isa = PBXFileReference; lastKnownFileType = image.png; path = search_icon.png; sourceTree = "<group>"; };
		8EFF4F0F15FC55FA005D45F9 /* bartoIcon_57px.png */ = {isa = PBXFileReference; lastKnownFileType = image.png; name = bartoIcon_57px.png; path = ../bartoIcon_57px.png; sourceTree = "<group>"; };
		8EFF4F1115FC57D5005D45F9 /* bartoIcon_114px.png */ = {isa = PBXFileReference; lastKnownFileType = image.png; name = bartoIcon_114px.png; path = ../bartoIcon_114px.png; sourceTree = "<group>"; };
		8EFF4F1515FC6065005D45F9 /* Thumbs Up hand.jpeg */ = {isa = PBXFileReference; lastKnownFileType = image.jpeg; path = "Thumbs Up hand.jpeg"; sourceTree = "<group>"; };
		8EFF4F1715FC606E005D45F9 /* thumbs-down.jpeg */ = {isa = PBXFileReference; lastKnownFileType = image.jpeg; path = "thumbs-down.jpeg"; sourceTree = "<group>"; };
		8EFF4F1A15FC620A005D45F9 /* salad.jpeg */ = {isa = PBXFileReference; lastKnownFileType = image.jpeg; path = salad.jpeg; sourceTree = "<group>"; };
		8EFF4F1C15FC6225005D45F9 /* burger.png */ = {isa = PBXFileReference; lastKnownFileType = image.png; path = burger.png; sourceTree = "<group>"; };
		8EFF4F1E15FC625F005D45F9 /* pizza.png */ = {isa = PBXFileReference; lastKnownFileType = image.png; path = pizza.png; sourceTree = "<group>"; };
		8EFF4F2015FC627C005D45F9 /* burrito.jpeg */ = {isa = PBXFileReference; lastKnownFileType = image.jpeg; path = burrito.jpeg; sourceTree = "<group>"; };
		8EFF4F2215FC62AB005D45F9 /* calzone.jpeg */ = {isa = PBXFileReference; lastKnownFileType = image.jpeg; path = calzone.jpeg; sourceTree = "<group>"; };
		8EFF4F2415FC62D2005D45F9 /* crepe.jpeg */ = {isa = PBXFileReference; lastKnownFileType = image.jpeg; path = crepe.jpeg; sourceTree = "<group>"; };
		8EFF4F2615FC62FA005D45F9 /* taco.png */ = {isa = PBXFileReference; lastKnownFileType = image.png; path = taco.png; sourceTree = "<group>"; };
		8EFF4F2815FC6323005D45F9 /* pasta.jpeg */ = {isa = PBXFileReference; lastKnownFileType = image.jpeg; path = pasta.jpeg; sourceTree = "<group>"; };
		8EFF4F2A15FC6350005D45F9 /* baguette.jpeg */ = {isa = PBXFileReference; lastKnownFileType = image.jpeg; path = baguette.jpeg; sourceTree = "<group>"; };
		8EFF4F2D15FC65A5005D45F9 /* burrito1.jpeg */ = {isa = PBXFileReference; lastKnownFileType = image.jpeg; path = burrito1.jpeg; sourceTree = "<group>"; };
		8EFF4F2F15FC65AA005D45F9 /* Burrito2.jpeg */ = {isa = PBXFileReference; lastKnownFileType = image.jpeg; path = Burrito2.jpeg; sourceTree = "<group>"; };
		8EFF4F3115FC65B0005D45F9 /* burrito3.png */ = {isa = PBXFileReference; lastKnownFileType = image.png; path = burrito3.png; sourceTree = "<group>"; };
		8EFF4F3315FC65B5005D45F9 /* burrito4.jpeg */ = {isa = PBXFileReference; lastKnownFileType = image.jpeg; path = burrito4.jpeg; sourceTree = "<group>"; };
		8EFF4F3515FC65BA005D45F9 /* burrito5.jpeg */ = {isa = PBXFileReference; lastKnownFileType = image.jpeg; path = burrito5.jpeg; sourceTree = "<group>"; };
		8EFF4F3715FC65BF005D45F9 /* burrito6.jpeg */ = {isa = PBXFileReference; lastKnownFileType = image.jpeg; path = burrito6.jpeg; sourceTree = "<group>"; };
		8EFF4F3915FC65F4005D45F9 /* burrito7.jpeg */ = {isa = PBXFileReference; lastKnownFileType = image.jpeg; path = burrito7.jpeg; sourceTree = "<group>"; };
		8EFF4F3B15FC65F9005D45F9 /* burrito8.jpeg */ = {isa = PBXFileReference; lastKnownFileType = image.jpeg; path = burrito8.jpeg; sourceTree = "<group>"; };
		8EFF4F3D15FC66D4005D45F9 /* burrito9.jpeg */ = {isa = PBXFileReference; lastKnownFileType = image.jpeg; path = burrito9.jpeg; sourceTree = "<group>"; };
		8EFF4F3F15FC66D9005D45F9 /* burrito10.png */ = {isa = PBXFileReference; lastKnownFileType = image.png; path = burrito10.png; sourceTree = "<group>"; };
		8EFF4F4115FC66DD005D45F9 /* burrito11.jpeg */ = {isa = PBXFileReference; lastKnownFileType = image.jpeg; path = burrito11.jpeg; sourceTree = "<group>"; };
		8EFF4F4315FC66E3005D45F9 /* burrito12.jpeg */ = {isa = PBXFileReference; lastKnownFileType = image.jpeg; path = burrito12.jpeg; sourceTree = "<group>"; };
		8EFF4F4515FC66E9005D45F9 /* burrito13.jpeg */ = {isa = PBXFileReference; lastKnownFileType = image.jpeg; path = burrito13.jpeg; sourceTree = "<group>"; };
		8EFF4F4715FC66EE005D45F9 /* burrito14.jpeg */ = {isa = PBXFileReference; lastKnownFileType = image.jpeg; path = burrito14.jpeg; sourceTree = "<group>"; };
		8EFF4F4915FC66F2005D45F9 /* burrito15.jpeg */ = {isa = PBXFileReference; lastKnownFileType = image.jpeg; path = burrito15.jpeg; sourceTree = "<group>"; };
/* End PBXFileReference section */

/* Begin PBXFrameworksBuildPhase section */
		8EFF4E9615FC0997005D45F9 /* Frameworks */ = {
			isa = PBXFrameworksBuildPhase;
			buildActionMask = 2147483647;
			files = (
				8EFF4E9E15FC0997005D45F9 /* UIKit.framework in Frameworks */,
				8EFF4EA015FC0997005D45F9 /* Foundation.framework in Frameworks */,
				8EFF4EA215FC0997005D45F9 /* CoreGraphics.framework in Frameworks */,
			);
			runOnlyForDeploymentPostprocessing = 0;
		};
/* End PBXFrameworksBuildPhase section */

/* Begin PBXGroup section */
		8EFF4E8E15FC0997005D45F9 = {
			isa = PBXGroup;
			children = (
				8EFF4EA315FC0997005D45F9 /* Fine */,
				8EFF4E9C15FC0997005D45F9 /* Frameworks */,
				8EFF4E9A15FC0997005D45F9 /* Products */,
			);
			sourceTree = "<group>";
		};
		8EFF4E9A15FC0997005D45F9 /* Products */ = {
			isa = PBXGroup;
			children = (
				8EFF4E9915FC0997005D45F9 /* Fine.app */,
			);
			name = Products;
			sourceTree = "<group>";
		};
		8EFF4E9C15FC0997005D45F9 /* Frameworks */ = {
			isa = PBXGroup;
			children = (
				8EFF4E9D15FC0997005D45F9 /* UIKit.framework */,
				8EFF4E9F15FC0997005D45F9 /* Foundation.framework */,
				8EFF4EA115FC0997005D45F9 /* CoreGraphics.framework */,
			);
			name = Frameworks;
			sourceTree = "<group>";
		};
		8EFF4EA315FC0997005D45F9 /* Fine */ = {
			isa = PBXGroup;
			children = (
				8EFF4EAC15FC0997005D45F9 /* AppDelegate.h */,
				8EFF4EAD15FC0997005D45F9 /* AppDelegate.m */,
				8EFF4EDF15FC2C27005D45F9 /* SecondViewController.h */,
				8EFF4EE015FC2C27005D45F9 /* SecondViewController.m */,
				8EFF4EAF15FC0997005D45F9 /* MainStoryboard.storyboard */,
				8EFF4EE715FC4220005D45F9 /* detailViewController.h */,
				8EFF4EE815FC4220005D45F9 /* detailViewController.m */,
				8EFF4EE215FC3871005D45F9 /* SearchItemCell.h */,
				8EFF4EE315FC3871005D45F9 /* SearchItemCell.m */,
				8EFF4ED215FC16BF005D45F9 /* SearchItemTableViewController.h */,
				8EFF4ED315FC16BF005D45F9 /* SearchItemTableViewController.m */,
				8EFF4EA415FC0997005D45F9 /* Supporting Files */,
			);
			path = Fine;
			sourceTree = "<group>";
		};
		8EFF4EA415FC0997005D45F9 /* Supporting Files */ = {
			isa = PBXGroup;
			children = (
				8EFF4F2C15FC650A005D45F9 /* Burrito Images */,
				8EFF4F1915FC61DD005D45F9 /* Dummy images */,
				8EFF4EED15FC4B7E005D45F9 /* Utility Classes */,
				8EFF4EEE15FC4D3F005D45F9 /* Images */,
				8EFF4EA515FC0997005D45F9 /* Fine-Info.plist */,
				8EFF4EA615FC0997005D45F9 /* InfoPlist.strings */,
				8EFF4EA915FC0997005D45F9 /* main.m */,
				8EFF4EAB15FC0997005D45F9 /* Fine-Prefix.pch */,
			);
			name = "Supporting Files";
			sourceTree = "<group>";
		};
		8EFF4EED15FC4B7E005D45F9 /* Utility Classes */ = {
			isa = PBXGroup;
			children = (
				8EFF4ED815FC1906005D45F9 /* Product.h */,
				8EFF4ED915FC1906005D45F9 /* Product.m */,
				8EFF4EEB15FC4B6F005D45F9 /* ServerRequest.m */,
				8EFF4EEA15FC4B6F005D45F9 /* ServerRequest.h */,
			);
			name = "Utility Classes";
			sourceTree = "<group>";
		};
		8EFF4EEE15FC4D3F005D45F9 /* Images */ = {
			isa = PBXGroup;
			children = (
				8EFF4F1115FC57D5005D45F9 /* bartoIcon_114px.png */,
				8EFF4F0F15FC55FA005D45F9 /* bartoIcon_57px.png */,
				8EFF4F0B15FC52D1005D45F9 /* pencil_icon.png */,
				8EFF4F0C15FC52D1005D45F9 /* search_icon.png */,
				8EFF4EE515FC3CA0005D45F9 /* test.png */,
				8EFF4F1515FC6065005D45F9 /* Thumbs Up hand.jpeg */,
				8EFF4F1715FC606E005D45F9 /* thumbs-down.jpeg */,
			);
			name = Images;
			sourceTree = "<group>";
		};
		8EFF4F1915FC61DD005D45F9 /* Dummy images */ = {
			isa = PBXGroup;
			children = (
				8EFF4F2A15FC6350005D45F9 /* baguette.jpeg */,
				8EFF4F2815FC6323005D45F9 /* pasta.jpeg */,
				8EFF4F2615FC62FA005D45F9 /* taco.png */,
				8EFF4F2415FC62D2005D45F9 /* crepe.jpeg */,
				8EFF4F2215FC62AB005D45F9 /* calzone.jpeg */,
				8EFF4F2015FC627C005D45F9 /* burrito.jpeg */,
				8EFF4F1A15FC620A005D45F9 /* salad.jpeg */,
				8EFF4F1C15FC6225005D45F9 /* burger.png */,
				8EFF4F1E15FC625F005D45F9 /* pizza.png */,
			);
			name = "Dummy images";
			sourceTree = "<group>";
		};
		8EFF4F2C15FC650A005D45F9 /* Burrito Images */ = {
			isa = PBXGroup;
			children = (
				8EFF4F4915FC66F2005D45F9 /* burrito15.jpeg */,
				8EFF4F4715FC66EE005D45F9 /* burrito14.jpeg */,
				8EFF4F4515FC66E9005D45F9 /* burrito13.jpeg */,
				8EFF4F4315FC66E3005D45F9 /* burrito12.jpeg */,
				8EFF4F4115FC66DD005D45F9 /* burrito11.jpeg */,
				8EFF4F3F15FC66D9005D45F9 /* burrito10.png */,
				8EFF4F3D15FC66D4005D45F9 /* burrito9.jpeg */,
				8EFF4F3B15FC65F9005D45F9 /* burrito8.jpeg */,
				8EFF4F3915FC65F4005D45F9 /* burrito7.jpeg */,
				8EFF4F3715FC65BF005D45F9 /* burrito6.jpeg */,
				8EFF4F3515FC65BA005D45F9 /* burrito5.jpeg */,
				8EFF4F3315FC65B5005D45F9 /* burrito4.jpeg */,
				8EFF4F3115FC65B0005D45F9 /* burrito3.png */,
				8EFF4F2F15FC65AA005D45F9 /* Burrito2.jpeg */,
				8EFF4F2D15FC65A5005D45F9 /* burrito1.jpeg */,
			);
			name = "Burrito Images";
			sourceTree = "<group>";
		};
/* End PBXGroup section */

/* Begin PBXNativeTarget section */
		8EFF4E9815FC0997005D45F9 /* Fine */ = {
			isa = PBXNativeTarget;
			buildConfigurationList = 8EFF4EC215FC0997005D45F9 /* Build configuration list for PBXNativeTarget "Fine" */;
			buildPhases = (
				8EFF4E9515FC0997005D45F9 /* Sources */,
				8EFF4E9615FC0997005D45F9 /* Frameworks */,
				8EFF4E9715FC0997005D45F9 /* Resources */,
			);
			buildRules = (
			);
			dependencies = (
			);
			name = Fine;
			productName = Fine;
			productReference = 8EFF4E9915FC0997005D45F9 /* Fine.app */;
			productType = "com.apple.product-type.application";
		};
/* End PBXNativeTarget section */

/* Begin PBXProject section */
		8EFF4E9015FC0997005D45F9 /* Project object */ = {
			isa = PBXProject;
			attributes = {
				LastUpgradeCheck = 0440;
				ORGANIZATIONNAME = "Kenan Pulak";
			};
			buildConfigurationList = 8EFF4E9315FC0997005D45F9 /* Build configuration list for PBXProject "Fine" */;
			compatibilityVersion = "Xcode 3.2";
			developmentRegion = English;
			hasScannedForEncodings = 0;
			knownRegions = (
				en,
			);
			mainGroup = 8EFF4E8E15FC0997005D45F9;
			productRefGroup = 8EFF4E9A15FC0997005D45F9 /* Products */;
			projectDirPath = "";
			projectRoot = "";
			targets = (
				8EFF4E9815FC0997005D45F9 /* Fine */,
			);
		};
/* End PBXProject section */

/* Begin PBXResourcesBuildPhase section */
		8EFF4E9715FC0997005D45F9 /* Resources */ = {
			isa = PBXResourcesBuildPhase;
			buildActionMask = 2147483647;
			files = (
				8EFF4EA815FC0997005D45F9 /* InfoPlist.strings in Resources */,
				8EFF4EB115FC0997005D45F9 /* MainStoryboard.storyboard in Resources */,
				8EFF4EE615FC3CA0005D45F9 /* test.png in Resources */,
				8EFF4F0D15FC52D1005D45F9 /* pencil_icon.png in Resources */,
				8EFF4F0E15FC52D1005D45F9 /* search_icon.png in Resources */,
				8EFF4F1015FC55FA005D45F9 /* bartoIcon_57px.png in Resources */,
				8EFF4F1215FC57D5005D45F9 /* bartoIcon_114px.png in Resources */,
				8EFF4F1615FC6065005D45F9 /* Thumbs Up hand.jpeg in Resources */,
				8EFF4F1815FC606E005D45F9 /* thumbs-down.jpeg in Resources */,
				8EFF4F1B15FC620A005D45F9 /* salad.jpeg in Resources */,
				8EFF4F1D15FC6225005D45F9 /* burger.png in Resources */,
				8EFF4F1F15FC625F005D45F9 /* pizza.png in Resources */,
				8EFF4F2115FC627C005D45F9 /* burrito.jpeg in Resources */,
				8EFF4F2315FC62AB005D45F9 /* calzone.jpeg in Resources */,
				8EFF4F2515FC62D2005D45F9 /* crepe.jpeg in Resources */,
				8EFF4F2715FC62FA005D45F9 /* taco.png in Resources */,
				8EFF4F2915FC6323005D45F9 /* pasta.jpeg in Resources */,
				8EFF4F2B15FC6350005D45F9 /* baguette.jpeg in Resources */,
				8EFF4F2E15FC65A5005D45F9 /* burrito1.jpeg in Resources */,
				8EFF4F3015FC65AA005D45F9 /* Burrito2.jpeg in Resources */,
				8EFF4F3215FC65B0005D45F9 /* burrito3.png in Resources */,
				8EFF4F3415FC65B5005D45F9 /* burrito4.jpeg in Resources */,
				8EFF4F3615FC65BA005D45F9 /* burrito5.jpeg in Resources */,
				8EFF4F3815FC65BF005D45F9 /* burrito6.jpeg in Resources */,
				8EFF4F3A15FC65F4005D45F9 /* burrito7.jpeg in Resources */,
				8EFF4F3C15FC65F9005D45F9 /* burrito8.jpeg in Resources */,
				8EFF4F3E15FC66D4005D45F9 /* burrito9.jpeg in Resources */,
				8EFF4F4015FC66D9005D45F9 /* burrito10.png in Resources */,
				8EFF4F4215FC66DD005D45F9 /* burrito11.jpeg in Resources */,
				8EFF4F4415FC66E3005D45F9 /* burrito12.jpeg in Resources */,
				8EFF4F4615FC66E9005D45F9 /* burrito13.jpeg in Resources */,
				8EFF4F4815FC66EE005D45F9 /* burrito14.jpeg in Resources */,
				8EFF4F4A15FC66F2005D45F9 /* burrito15.jpeg in Resources */,
			);
			runOnlyForDeploymentPostprocessing = 0;
		};
/* End PBXResourcesBuildPhase section */

/* Begin PBXSourcesBuildPhase section */
		8EFF4E9515FC0997005D45F9 /* Sources */ = {
			isa = PBXSourcesBuildPhase;
			buildActionMask = 2147483647;
			files = (
				8EFF4EAA15FC0997005D45F9 /* main.m in Sources */,
				8EFF4EAE15FC0997005D45F9 /* AppDelegate.m in Sources */,
				8EFF4ED415FC16BF005D45F9 /* SearchItemTableViewController.m in Sources */,
				8EFF4EDA15FC1906005D45F9 /* Product.m in Sources */,
				8EFF4EE115FC2E55005D45F9 /* SecondViewController.m in Sources */,
				8EFF4EE415FC3871005D45F9 /* SearchItemCell.m in Sources */,
				8EFF4EE915FC4220005D45F9 /* detailViewController.m in Sources */,
				8EFF4EEC15FC4B6F005D45F9 /* ServerRequest.m in Sources */,
			);
			runOnlyForDeploymentPostprocessing = 0;
		};
/* End PBXSourcesBuildPhase section */

/* Begin PBXVariantGroup section */
		8EFF4EA615FC0997005D45F9 /* InfoPlist.strings */ = {
			isa = PBXVariantGroup;
			children = (
				8EFF4EA715FC0997005D45F9 /* en */,
			);
			name = InfoPlist.strings;
			sourceTree = "<group>";
		};
		8EFF4EAF15FC0997005D45F9 /* MainStoryboard.storyboard */ = {
			isa = PBXVariantGroup;
			children = (
				8EFF4EB015FC0997005D45F9 /* en */,
			);
			name = MainStoryboard.storyboard;
			sourceTree = "<group>";
		};
/* End PBXVariantGroup section */

/* Begin XCBuildConfiguration section */
		8EFF4EC015FC0997005D45F9 /* Debug */ = {
			isa = XCBuildConfiguration;
			buildSettings = {
				ALWAYS_SEARCH_USER_PATHS = NO;
				ARCHS = "$(ARCHS_STANDARD_32_BIT)";
				CLANG_CXX_LANGUAGE_STANDARD = "gnu++0x";
				CLANG_ENABLE_OBJC_ARC = YES;
				CLANG_WARN__DUPLICATE_METHOD_MATCH = YES;
				"CODE_SIGN_IDENTITY[sdk=iphoneos*]" = "iPhone Developer";
				COPY_PHASE_STRIP = NO;
				GCC_C_LANGUAGE_STANDARD = gnu99;
				GCC_DYNAMIC_NO_PIC = NO;
				GCC_OPTIMIZATION_LEVEL = 0;
				GCC_PREPROCESSOR_DEFINITIONS = (
					"DEBUG=1",
					"$(inherited)",
				);
				GCC_SYMBOLS_PRIVATE_EXTERN = NO;
				GCC_VERSION = com.apple.compilers.llvm.clang.1_0;
				GCC_WARN_ABOUT_RETURN_TYPE = YES;
				GCC_WARN_UNINITIALIZED_AUTOS = YES;
				GCC_WARN_UNUSED_VARIABLE = YES;
				IPHONEOS_DEPLOYMENT_TARGET = 5.1;
				SDKROOT = iphoneos;
			};
			name = Debug;
		};
		8EFF4EC115FC0997005D45F9 /* Release */ = {
			isa = XCBuildConfiguration;
			buildSettings = {
				ALWAYS_SEARCH_USER_PATHS = NO;
				ARCHS = "$(ARCHS_STANDARD_32_BIT)";
				CLANG_CXX_LANGUAGE_STANDARD = "gnu++0x";
				CLANG_ENABLE_OBJC_ARC = YES;
				CLANG_WARN__DUPLICATE_METHOD_MATCH = YES;
				"CODE_SIGN_IDENTITY[sdk=iphoneos*]" = "iPhone Developer";
				COPY_PHASE_STRIP = YES;
				GCC_C_LANGUAGE_STANDARD = gnu99;
				GCC_VERSION = com.apple.compilers.llvm.clang.1_0;
				GCC_WARN_ABOUT_RETURN_TYPE = YES;
				GCC_WARN_UNINITIALIZED_AUTOS = YES;
				GCC_WARN_UNUSED_VARIABLE = YES;
				IPHONEOS_DEPLOYMENT_TARGET = 5.1;
				OTHER_CFLAGS = "-DNS_BLOCK_ASSERTIONS=1";
				SDKROOT = iphoneos;
				VALIDATE_PRODUCT = YES;
			};
			name = Release;
		};
		8EFF4EC315FC0997005D45F9 /* Debug */ = {
			isa = XCBuildConfiguration;
			buildSettings = {
				GCC_PRECOMPILE_PREFIX_HEADER = YES;
				GCC_PREFIX_HEADER = "Fine/Fine-Prefix.pch";
				INFOPLIST_FILE = "Fine/Fine-Info.plist";
				PRODUCT_NAME = "$(TARGET_NAME)";
				WRAPPER_EXTENSION = app;
			};
			name = Debug;
		};
		8EFF4EC415FC0997005D45F9 /* Release */ = {
			isa = XCBuildConfiguration;
			buildSettings = {
				GCC_PRECOMPILE_PREFIX_HEADER = YES;
				GCC_PREFIX_HEADER = "Fine/Fine-Prefix.pch";
				INFOPLIST_FILE = "Fine/Fine-Info.plist";
				PRODUCT_NAME = "$(TARGET_NAME)";
				WRAPPER_EXTENSION = app;
			};
			name = Release;
		};
/* End XCBuildConfiguration section */

/* Begin XCConfigurationList section */
		8EFF4E9315FC0997005D45F9 /* Build configuration list for PBXProject "Fine" */ = {
			isa = XCConfigurationList;
			buildConfigurations = (
				8EFF4EC015FC0997005D45F9 /* Debug */,
				8EFF4EC115FC0997005D45F9 /* Release */,
			);
			defaultConfigurationIsVisible = 0;
			defaultConfigurationName = Release;
		};
		8EFF4EC215FC0997005D45F9 /* Build configuration list for PBXNativeTarget "Fine" */ = {
			isa = XCConfigurationList;
			buildConfigurations = (
				8EFF4EC315FC0997005D45F9 /* Debug */,
				8EFF4EC415FC0997005D45F9 /* Release */,
			);
			defaultConfigurationIsVisible = 0;
			defaultConfigurationName = Release;
		};
/* End XCConfigurationList section */
	};
	rootObject = 8EFF4E9015FC0997005D45F9 /* Project object */;
}
